PODS:
  - IQKeyboardManagerSwift (6.2.1)
  - SVProgressHUD (2.2.5)
  - SwiftLint (0.47.1)

DEPENDENCIES:
  - IQKeyboardManagerSwift (= 6.2.1)
  - SVProgressHUD (= 2.2.5)
  - SwiftLint (= 0.47.1)

SPEC REPOS:
  trunk:
    - IQKeyboardManagerSwift
    - SVProgressHUD
    - SwiftLint

SPEC CHECKSUMS:
  IQKeyboardManagerSwift: 0f0ae8935360b4003e6ea1ac7c19898f01e2f7c7
  SVProgressHUD: 1428aafac632c1f86f62aa4243ec12008d7a51d6
  SwiftLint: f80f1be7fa96d30e0aa68e58d45d4ea1ccaac519

PODFILE CHECKSUM: 83012367193f7ad59ca9c7ab24ea2dd1a49c2e81

COCOAPODS: 1.11.3
