// !$*UTF8*$!
{
	archiveVersion = 1;
	classes = {
	};
	objectVersion = 55;
	objects = {

/* Begin PBXBuildFile section */
		2AEC15664C895431B8BEB002 /* Pods_RoutesApp_iosTests.framework in Frameworks */ = {isa = PBXBuildFile; fileRef = F808C389CD2F19D7212160C0 /* Pods_RoutesApp_iosTests.framework */; };
		2E0F8B864F00537D40070409 /* Pods_RoutesApp_ios.framework in Frameworks */ = {isa = PBXBuildFile; fileRef = 3A3327C701B0A7C956D7435B /* Pods_RoutesApp_ios.framework */; };
		C2E976D92898701C009F4B94 /* AppDelegate.swift in Sources */ = {isa = PBXBuildFile; fileRef = C2E976D82898701C009F4B94 /* AppDelegate.swift */; };
		C2E976DB2898701C009F4B94 /* SceneDelegate.swift in Sources */ = {isa = PBXBuildFile; fileRef = C2E976DA2898701C009F4B94 /* SceneDelegate.swift */; };
		C2E976DD2898701C009F4B94 /* ViewController.swift in Sources */ = {isa = PBXBuildFile; fileRef = C2E976DC2898701C009F4B94 /* ViewController.swift */; };
		C2E976E02898701C009F4B94 /* Main.storyboard in Resources */ = {isa = PBXBuildFile; fileRef = C2E976DE2898701C009F4B94 /* Main.storyboard */; };
		C2E976E32898701C009F4B94 /* RoutesApp_ios.xcdatamodeld in Sources */ = {isa = PBXBuildFile; fileRef = C2E976E12898701C009F4B94 /* RoutesApp_ios.xcdatamodeld */; };
		C2E976E52898701D009F4B94 /* Assets.xcassets in Resources */ = {isa = PBXBuildFile; fileRef = C2E976E42898701D009F4B94 /* Assets.xcassets */; };
		C2E976E82898701D009F4B94 /* LaunchScreen.storyboard in Resources */ = {isa = PBXBuildFile; fileRef = C2E976E62898701D009F4B94 /* LaunchScreen.storyboard */; };
		C2E976F32898701D009F4B94 /* RoutesApp_iosTests.swift in Sources */ = {isa = PBXBuildFile; fileRef = C2E976F22898701D009F4B94 /* RoutesApp_iosTests.swift */; };
		C2E9772028987F2A009F4B94 /* SignupViewController.swift in Sources */ = {isa = PBXBuildFile; fileRef = C2E9771E28987F2A009F4B94 /* SignupViewController.swift */; };
		C2E9772128987F2A009F4B94 /* SignupViewController.xib in Resources */ = {isa = PBXBuildFile; fileRef = C2E9771F28987F2A009F4B94 /* SignupViewController.xib */; };
		C2E9772428987F3C009F4B94 /* LoginViewController.swift in Sources */ = {isa = PBXBuildFile; fileRef = C2E9772228987F3C009F4B94 /* LoginViewController.swift */; };
		C2E9772528987F3C009F4B94 /* LoginViewController.xib in Resources */ = {isa = PBXBuildFile; fileRef = C2E9772328987F3C009F4B94 /* LoginViewController.xib */; };
		C2E9772728987F48009F4B94 /* LoginViewModel.swift in Sources */ = {isa = PBXBuildFile; fileRef = C2E9772628987F48009F4B94 /* LoginViewModel.swift */; };
		C2E9772928987F57009F4B94 /* SIgnupViewModel.swift in Sources */ = {isa = PBXBuildFile; fileRef = C2E9772828987F57009F4B94 /* SIgnupViewModel.swift */; };
		C2E9772B28987F79009F4B94 /* User.swift in Sources */ = {isa = PBXBuildFile; fileRef = C2E9772A28987F79009F4B94 /* User.swift */; };
		C2E9772D28987F94009F4B94 /* LocalManager.swift in Sources */ = {isa = PBXBuildFile; fileRef = C2E9772C28987F94009F4B94 /* LocalManager.swift */; };
		C2E9772F28987FA0009F4B94 /* NetworkManager.swift in Sources */ = {isa = PBXBuildFile; fileRef = C2E9772E28987FA0009F4B94 /* NetworkManager.swift */; };
		C2E9773128987FB9009F4B94 /* FloatingButton.swift in Sources */ = {isa = PBXBuildFile; fileRef = C2E9773028987FB9009F4B94 /* FloatingButton.swift */; };
		C2E977332898802F009F4B94 /* Date.swift in Sources */ = {isa = PBXBuildFile; fileRef = C2E977322898802F009F4B94 /* Date.swift */; };
/* End PBXBuildFile section */

/* Begin PBXContainerItemProxy section */
		C2E976EF2898701D009F4B94 /* PBXContainerItemProxy */ = {
			isa = PBXContainerItemProxy;
			containerPortal = C2E976CD2898701C009F4B94 /* Project object */;
			proxyType = 1;
			remoteGlobalIDString = C2E976D42898701C009F4B94;
			remoteInfo = RoutesApp_ios;
		};
/* End PBXContainerItemProxy section */

/* Begin PBXFileReference section */
		1212F4DA3C348A7BFBC67353 /* Pods-RoutesApp_ios.debug.xcconfig */ = {isa = PBXFileReference; includeInIndex = 1; lastKnownFileType = text.xcconfig; name = "Pods-RoutesApp_ios.debug.xcconfig"; path = "Target Support Files/Pods-RoutesApp_ios/Pods-RoutesApp_ios.debug.xcconfig"; sourceTree = "<group>"; };
		3A3327C701B0A7C956D7435B /* Pods_RoutesApp_ios.framework */ = {isa = PBXFileReference; explicitFileType = wrapper.framework; includeInIndex = 0; path = Pods_RoutesApp_ios.framework; sourceTree = BUILT_PRODUCTS_DIR; };
		4D152D581E4EDDDF42A64061 /* Pods_RoutesApp_ios_RoutesApp_iosUITests.framework */ = {isa = PBXFileReference; explicitFileType = wrapper.framework; includeInIndex = 0; path = Pods_RoutesApp_ios_RoutesApp_iosUITests.framework; sourceTree = BUILT_PRODUCTS_DIR; };
		745BD9E5A26FC5292BC03A32 /* Pods-RoutesApp_ios-RoutesApp_iosUITests.debug.xcconfig */ = {isa = PBXFileReference; includeInIndex = 1; lastKnownFileType = text.xcconfig; name = "Pods-RoutesApp_ios-RoutesApp_iosUITests.debug.xcconfig"; path = "Target Support Files/Pods-RoutesApp_ios-RoutesApp_iosUITests/Pods-RoutesApp_ios-RoutesApp_iosUITests.debug.xcconfig"; sourceTree = "<group>"; };
		8E4554EE6A9F1EB0D5124479 /* Pods-RoutesApp_ios.release.xcconfig */ = {isa = PBXFileReference; includeInIndex = 1; lastKnownFileType = text.xcconfig; name = "Pods-RoutesApp_ios.release.xcconfig"; path = "Target Support Files/Pods-RoutesApp_ios/Pods-RoutesApp_ios.release.xcconfig"; sourceTree = "<group>"; };
		A81C730CD57A1098D9C868BE /* Pods-RoutesApp_iosTests.debug.xcconfig */ = {isa = PBXFileReference; includeInIndex = 1; lastKnownFileType = text.xcconfig; name = "Pods-RoutesApp_iosTests.debug.xcconfig"; path = "Target Support Files/Pods-RoutesApp_iosTests/Pods-RoutesApp_iosTests.debug.xcconfig"; sourceTree = "<group>"; };
		C2E976D52898701C009F4B94 /* RoutesApp_ios.app */ = {isa = PBXFileReference; explicitFileType = wrapper.application; includeInIndex = 0; path = RoutesApp_ios.app; sourceTree = BUILT_PRODUCTS_DIR; };
		C2E976D82898701C009F4B94 /* AppDelegate.swift */ = {isa = PBXFileReference; lastKnownFileType = sourcecode.swift; path = AppDelegate.swift; sourceTree = "<group>"; };
		C2E976DA2898701C009F4B94 /* SceneDelegate.swift */ = {isa = PBXFileReference; lastKnownFileType = sourcecode.swift; path = SceneDelegate.swift; sourceTree = "<group>"; };
		C2E976DC2898701C009F4B94 /* ViewController.swift */ = {isa = PBXFileReference; lastKnownFileType = sourcecode.swift; path = ViewController.swift; sourceTree = "<group>"; };
		C2E976DF2898701C009F4B94 /* Base */ = {isa = PBXFileReference; lastKnownFileType = file.storyboard; name = Base; path = Base.lproj/Main.storyboard; sourceTree = "<group>"; };
		C2E976E22898701C009F4B94 /* RoutesApp_ios.xcdatamodel */ = {isa = PBXFileReference; lastKnownFileType = wrapper.xcdatamodel; path = RoutesApp_ios.xcdatamodel; sourceTree = "<group>"; };
		C2E976E42898701D009F4B94 /* Assets.xcassets */ = {isa = PBXFileReference; lastKnownFileType = folder.assetcatalog; path = Assets.xcassets; sourceTree = "<group>"; };
		C2E976E72898701D009F4B94 /* Base */ = {isa = PBXFileReference; lastKnownFileType = file.storyboard; name = Base; path = Base.lproj/LaunchScreen.storyboard; sourceTree = "<group>"; };
		C2E976E92898701D009F4B94 /* Info.plist */ = {isa = PBXFileReference; lastKnownFileType = text.plist.xml; path = Info.plist; sourceTree = "<group>"; };
		C2E976EE2898701D009F4B94 /* RoutesApp_iosTests.xctest */ = {isa = PBXFileReference; explicitFileType = wrapper.cfbundle; includeInIndex = 0; path = RoutesApp_iosTests.xctest; sourceTree = BUILT_PRODUCTS_DIR; };
		C2E976F22898701D009F4B94 /* RoutesApp_iosTests.swift */ = {isa = PBXFileReference; lastKnownFileType = sourcecode.swift; path = RoutesApp_iosTests.swift; sourceTree = "<group>"; };
		C2E9771E28987F2A009F4B94 /* SignupViewController.swift */ = {isa = PBXFileReference; lastKnownFileType = sourcecode.swift; path = SignupViewController.swift; sourceTree = "<group>"; };
		C2E9771F28987F2A009F4B94 /* SignupViewController.xib */ = {isa = PBXFileReference; lastKnownFileType = file.xib; path = SignupViewController.xib; sourceTree = "<group>"; };
		C2E9772228987F3C009F4B94 /* LoginViewController.swift */ = {isa = PBXFileReference; lastKnownFileType = sourcecode.swift; path = LoginViewController.swift; sourceTree = "<group>"; };
		C2E9772328987F3C009F4B94 /* LoginViewController.xib */ = {isa = PBXFileReference; lastKnownFileType = file.xib; path = LoginViewController.xib; sourceTree = "<group>"; };
		C2E9772628987F48009F4B94 /* LoginViewModel.swift */ = {isa = PBXFileReference; lastKnownFileType = sourcecode.swift; path = LoginViewModel.swift; sourceTree = "<group>"; };
		C2E9772828987F57009F4B94 /* SIgnupViewModel.swift */ = {isa = PBXFileReference; lastKnownFileType = sourcecode.swift; path = SIgnupViewModel.swift; sourceTree = "<group>"; };
		C2E9772A28987F79009F4B94 /* User.swift */ = {isa = PBXFileReference; lastKnownFileType = sourcecode.swift; path = User.swift; sourceTree = "<group>"; };
		C2E9772C28987F94009F4B94 /* LocalManager.swift */ = {isa = PBXFileReference; lastKnownFileType = sourcecode.swift; path = LocalManager.swift; sourceTree = "<group>"; };
		C2E9772E28987FA0009F4B94 /* NetworkManager.swift */ = {isa = PBXFileReference; lastKnownFileType = sourcecode.swift; path = NetworkManager.swift; sourceTree = "<group>"; };
		C2E9773028987FB9009F4B94 /* FloatingButton.swift */ = {isa = PBXFileReference; lastKnownFileType = sourcecode.swift; path = FloatingButton.swift; sourceTree = "<group>"; };
		C2E977322898802F009F4B94 /* Date.swift */ = {isa = PBXFileReference; lastKnownFileType = sourcecode.swift; path = Date.swift; sourceTree = "<group>"; };
		F4F2DC09BBC0577CE2B41D46 /* Pods-RoutesApp_iosTests.release.xcconfig */ = {isa = PBXFileReference; includeInIndex = 1; lastKnownFileType = text.xcconfig; name = "Pods-RoutesApp_iosTests.release.xcconfig"; path = "Target Support Files/Pods-RoutesApp_iosTests/Pods-RoutesApp_iosTests.release.xcconfig"; sourceTree = "<group>"; };
		F808C389CD2F19D7212160C0 /* Pods_RoutesApp_iosTests.framework */ = {isa = PBXFileReference; explicitFileType = wrapper.framework; includeInIndex = 0; path = Pods_RoutesApp_iosTests.framework; sourceTree = BUILT_PRODUCTS_DIR; };
		FDCC7F618DD2DA0577071C41 /* Pods-RoutesApp_ios-RoutesApp_iosUITests.release.xcconfig */ = {isa = PBXFileReference; includeInIndex = 1; lastKnownFileType = text.xcconfig; name = "Pods-RoutesApp_ios-RoutesApp_iosUITests.release.xcconfig"; path = "Target Support Files/Pods-RoutesApp_ios-RoutesApp_iosUITests/Pods-RoutesApp_ios-RoutesApp_iosUITests.release.xcconfig"; sourceTree = "<group>"; };
/* End PBXFileReference section */

/* Begin PBXFrameworksBuildPhase section */
		C2E976D22898701C009F4B94 /* Frameworks */ = {
			isa = PBXFrameworksBuildPhase;
			buildActionMask = 2147483647;
			files = (
				2E0F8B864F00537D40070409 /* Pods_RoutesApp_ios.framework in Frameworks */,
			);
			runOnlyForDeploymentPostprocessing = 0;
		};
		C2E976EB2898701D009F4B94 /* Frameworks */ = {
			isa = PBXFrameworksBuildPhase;
			buildActionMask = 2147483647;
			files = (
				2AEC15664C895431B8BEB002 /* Pods_RoutesApp_iosTests.framework in Frameworks */,
			);
			runOnlyForDeploymentPostprocessing = 0;
		};
/* End PBXFrameworksBuildPhase section */

/* Begin PBXGroup section */
		7078ACACC070D6AFAFF653A6 /* Pods */ = {
			isa = PBXGroup;
			children = (
				1212F4DA3C348A7BFBC67353 /* Pods-RoutesApp_ios.debug.xcconfig */,
				8E4554EE6A9F1EB0D5124479 /* Pods-RoutesApp_ios.release.xcconfig */,
				745BD9E5A26FC5292BC03A32 /* Pods-RoutesApp_ios-RoutesApp_iosUITests.debug.xcconfig */,
				FDCC7F618DD2DA0577071C41 /* Pods-RoutesApp_ios-RoutesApp_iosUITests.release.xcconfig */,
				A81C730CD57A1098D9C868BE /* Pods-RoutesApp_iosTests.debug.xcconfig */,
				F4F2DC09BBC0577CE2B41D46 /* Pods-RoutesApp_iosTests.release.xcconfig */,
			);
			path = Pods;
			sourceTree = "<group>";
		};
		B463F0B0A8306905C724BFE4 /* Frameworks */ = {
			isa = PBXGroup;
			children = (
				3A3327C701B0A7C956D7435B /* Pods_RoutesApp_ios.framework */,
				4D152D581E4EDDDF42A64061 /* Pods_RoutesApp_ios_RoutesApp_iosUITests.framework */,
				F808C389CD2F19D7212160C0 /* Pods_RoutesApp_iosTests.framework */,
			);
			name = Frameworks;
			sourceTree = "<group>";
		};
		C2E976CC2898701C009F4B94 = {
			isa = PBXGroup;
			children = (
				C2E976D72898701C009F4B94 /* RoutesApp_ios */,
				C2E976F12898701D009F4B94 /* RoutesApp_iosTests */,
				C2E976D62898701C009F4B94 /* Products */,
				7078ACACC070D6AFAFF653A6 /* Pods */,
				B463F0B0A8306905C724BFE4 /* Frameworks */,
			);
			sourceTree = "<group>";
		};
		C2E976D62898701C009F4B94 /* Products */ = {
			isa = PBXGroup;
			children = (
				C2E976D52898701C009F4B94 /* RoutesApp_ios.app */,
				C2E976EE2898701D009F4B94 /* RoutesApp_iosTests.xctest */,
			);
			name = Products;
			sourceTree = "<group>";
		};
		C2E976D72898701C009F4B94 /* RoutesApp_ios */ = {
			isa = PBXGroup;
			children = (
				C2E9770C28987CEA009F4B94 /* utilities */,
				C2E9770D28987CF7009F4B94 /* repository */,
				C2E9770E28987CFE009F4B94 /* modules */,
				C2E976D82898701C009F4B94 /* AppDelegate.swift */,
				C2E976DA2898701C009F4B94 /* SceneDelegate.swift */,
				C2E976DC2898701C009F4B94 /* ViewController.swift */,
				C2E976DE2898701C009F4B94 /* Main.storyboard */,
				C2E976E42898701D009F4B94 /* Assets.xcassets */,
				C2E976E62898701D009F4B94 /* LaunchScreen.storyboard */,
				C2E976E92898701D009F4B94 /* Info.plist */,
				C2E976E12898701C009F4B94 /* RoutesApp_ios.xcdatamodeld */,
			);
			path = RoutesApp_ios;
			sourceTree = "<group>";
		};
		C2E976F12898701D009F4B94 /* RoutesApp_iosTests */ = {
			isa = PBXGroup;
			children = (
				C2E976F22898701D009F4B94 /* RoutesApp_iosTests.swift */,
			);
			path = RoutesApp_iosTests;
			sourceTree = "<group>";
		};
		C2E9770C28987CEA009F4B94 /* utilities */ = {
			isa = PBXGroup;
			children = (
				C2E9771428987DC2009F4B94 /* extensions */,
				C2E9771228987DB0009F4B94 /* helpers */,
				C2E9771328987DB7009F4B94 /* views */,
			);
			path = utilities;
			sourceTree = "<group>";
		};
		C2E9770D28987CF7009F4B94 /* repository */ = {
			isa = PBXGroup;
			children = (
				C2E9771128987D60009F4B94 /* network */,
				C2E9771028987D5B009F4B94 /* local */,
				C2E9770F28987D56009F4B94 /* models */,
			);
			path = repository;
			sourceTree = "<group>";
		};
		C2E9770E28987CFE009F4B94 /* modules */ = {
			isa = PBXGroup;
			children = (
				C2E9771528987DCB009F4B94 /* authentication */,
			);
			path = modules;
			sourceTree = "<group>";
		};
		C2E9770F28987D56009F4B94 /* models */ = {
			isa = PBXGroup;
			children = (
				C2E9772A28987F79009F4B94 /* User.swift */,
			);
			path = models;
			sourceTree = "<group>";
		};
		C2E9771028987D5B009F4B94 /* local */ = {
			isa = PBXGroup;
			children = (
				C2E9772C28987F94009F4B94 /* LocalManager.swift */,
			);
			path = local;
			sourceTree = "<group>";
		};
		C2E9771128987D60009F4B94 /* network */ = {
			isa = PBXGroup;
			children = (
				C2E9772E28987FA0009F4B94 /* NetworkManager.swift */,
			);
			path = network;
			sourceTree = "<group>";
		};
		C2E9771228987DB0009F4B94 /* helpers */ = {
			isa = PBXGroup;
			children = (
			);
			path = helpers;
			sourceTree = "<group>";
		};
		C2E9771328987DB7009F4B94 /* views */ = {
			isa = PBXGroup;
			children = (
				C2E9773028987FB9009F4B94 /* FloatingButton.swift */,
			);
			path = views;
			sourceTree = "<group>";
		};
		C2E9771428987DC2009F4B94 /* extensions */ = {
			isa = PBXGroup;
			children = (
				C2E977322898802F009F4B94 /* Date.swift */,
			);
			path = extensions;
			sourceTree = "<group>";
		};
		C2E9771528987DCB009F4B94 /* authentication */ = {
			isa = PBXGroup;
			children = (
				C2E9771728987DDF009F4B94 /* login */,
				C2E9771628987DD5009F4B94 /* signup */,
			);
			path = authentication;
			sourceTree = "<group>";
		};
		C2E9771628987DD5009F4B94 /* signup */ = {
			isa = PBXGroup;
			children = (
				C2E9771D28987E71009F4B94 /* views */,
				C2E9771828987DF9009F4B94 /* viewmodels */,
				C2E9771A28987E0B009F4B94 /* controllers */,
			);
			path = signup;
			sourceTree = "<group>";
		};
		C2E9771728987DDF009F4B94 /* login */ = {
			isa = PBXGroup;
			children = (
				C2E9771C28987E6C009F4B94 /* views */,
				C2E9771928987E06009F4B94 /* viewmodels */,
				C2E9771B28987E65009F4B94 /* controllers */,
			);
			path = login;
			sourceTree = "<group>";
		};
		C2E9771828987DF9009F4B94 /* viewmodels */ = {
			isa = PBXGroup;
			children = (
				C2E9772828987F57009F4B94 /* SIgnupViewModel.swift */,
			);
			path = viewmodels;
			sourceTree = "<group>";
		};
		C2E9771928987E06009F4B94 /* viewmodels */ = {
			isa = PBXGroup;
			children = (
				C2E9772628987F48009F4B94 /* LoginViewModel.swift */,
			);
			path = viewmodels;
			sourceTree = "<group>";
		};
		C2E9771A28987E0B009F4B94 /* controllers */ = {
			isa = PBXGroup;
			children = (
				C2E9771E28987F2A009F4B94 /* SignupViewController.swift */,
				C2E9771F28987F2A009F4B94 /* SignupViewController.xib */,
			);
			path = controllers;
			sourceTree = "<group>";
		};
		C2E9771B28987E65009F4B94 /* controllers */ = {
			isa = PBXGroup;
			children = (
				C2E9772228987F3C009F4B94 /* LoginViewController.swift */,
				C2E9772328987F3C009F4B94 /* LoginViewController.xib */,
			);
			path = controllers;
			sourceTree = "<group>";
		};
		C2E9771C28987E6C009F4B94 /* views */ = {
			isa = PBXGroup;
			children = (
			);
			path = views;
			sourceTree = "<group>";
		};
		C2E9771D28987E71009F4B94 /* views */ = {
			isa = PBXGroup;
			children = (
			);
			path = views;
			sourceTree = "<group>";
		};
/* End PBXGroup section */

/* Begin PBXNativeTarget section */
		C2E976D42898701C009F4B94 /* RoutesApp_ios */ = {
			isa = PBXNativeTarget;
			buildConfigurationList = C2E977022898701D009F4B94 /* Build configuration list for PBXNativeTarget "RoutesApp_ios" */;
			buildPhases = (
				921599980040BA71BA285A76 /* [CP] Check Pods Manifest.lock */,
				C2E9770B2898716A009F4B94 /* SwiftLint */,
				C2E976D12898701C009F4B94 /* Sources */,
				C2E976D22898701C009F4B94 /* Frameworks */,
				C2E976D32898701C009F4B94 /* Resources */,
			);
			buildRules = (
			);
			dependencies = (
			);
			name = RoutesApp_ios;
			productName = RoutesApp_ios;
			productReference = C2E976D52898701C009F4B94 /* RoutesApp_ios.app */;
			productType = "com.apple.product-type.application";
		};
		C2E976ED2898701D009F4B94 /* RoutesApp_iosTests */ = {
			isa = PBXNativeTarget;
			buildConfigurationList = C2E977052898701D009F4B94 /* Build configuration list for PBXNativeTarget "RoutesApp_iosTests" */;
			buildPhases = (
				B9F478A7EFFBE1D795FEDE41 /* [CP] Check Pods Manifest.lock */,
				C2E976EA2898701D009F4B94 /* Sources */,
				C2E976EB2898701D009F4B94 /* Frameworks */,
				C2E976EC2898701D009F4B94 /* Resources */,
			);
			buildRules = (
			);
			dependencies = (
				C2E976F02898701D009F4B94 /* PBXTargetDependency */,
			);
			name = RoutesApp_iosTests;
			productName = RoutesApp_iosTests;
			productReference = C2E976EE2898701D009F4B94 /* RoutesApp_iosTests.xctest */;
			productType = "com.apple.product-type.bundle.unit-test";
		};
/* End PBXNativeTarget section */

/* Begin PBXProject section */
		C2E976CD2898701C009F4B94 /* Project object */ = {
			isa = PBXProject;
			attributes = {
				BuildIndependentTargetsInParallel = 1;
				LastSwiftUpdateCheck = 1340;
				LastUpgradeCheck = 1340;
				TargetAttributes = {
					C2E976D42898701C009F4B94 = {
						CreatedOnToolsVersion = 13.4.1;
					};
					C2E976ED2898701D009F4B94 = {
						CreatedOnToolsVersion = 13.4.1;
						TestTargetID = C2E976D42898701C009F4B94;
					};
				};
			};
			buildConfigurationList = C2E976D02898701C009F4B94 /* Build configuration list for PBXProject "RoutesApp_ios" */;
			compatibilityVersion = "Xcode 13.0";
			developmentRegion = en;
			hasScannedForEncodings = 0;
			knownRegions = (
				en,
				Base,
			);
			mainGroup = C2E976CC2898701C009F4B94;
			productRefGroup = C2E976D62898701C009F4B94 /* Products */;
			projectDirPath = "";
			projectRoot = "";
			targets = (
				C2E976D42898701C009F4B94 /* RoutesApp_ios */,
				C2E976ED2898701D009F4B94 /* RoutesApp_iosTests */,
			);
		};
/* End PBXProject section */

/* Begin PBXResourcesBuildPhase section */
		C2E976D32898701C009F4B94 /* Resources */ = {
			isa = PBXResourcesBuildPhase;
			buildActionMask = 2147483647;
			files = (
				C2E9772528987F3C009F4B94 /* LoginViewController.xib in Resources */,
				C2E976E82898701D009F4B94 /* LaunchScreen.storyboard in Resources */,
				C2E976E52898701D009F4B94 /* Assets.xcassets in Resources */,
				C2E9772128987F2A009F4B94 /* SignupViewController.xib in Resources */,
				C2E976E02898701C009F4B94 /* Main.storyboard in Resources */,
			);
			runOnlyForDeploymentPostprocessing = 0;
		};
		C2E976EC2898701D009F4B94 /* Resources */ = {
			isa = PBXResourcesBuildPhase;
			buildActionMask = 2147483647;
			files = (
			);
			runOnlyForDeploymentPostprocessing = 0;
		};
/* End PBXResourcesBuildPhase section */

/* Begin PBXShellScriptBuildPhase section */
		921599980040BA71BA285A76 /* [CP] Check Pods Manifest.lock */ = {
			isa = PBXShellScriptBuildPhase;
			buildActionMask = 2147483647;
			files = (
			);
			inputFileListPaths = (
			);
			inputPaths = (
				"${PODS_PODFILE_DIR_PATH}/Podfile.lock",
				"${PODS_ROOT}/Manifest.lock",
			);
			name = "[CP] Check Pods Manifest.lock";
			outputFileListPaths = (
			);
			outputPaths = (
				"$(DERIVED_FILE_DIR)/Pods-RoutesApp_ios-checkManifestLockResult.txt",
			);
			runOnlyForDeploymentPostprocessing = 0;
			shellPath = /bin/sh;
			shellScript = "diff \"${PODS_PODFILE_DIR_PATH}/Podfile.lock\" \"${PODS_ROOT}/Manifest.lock\" > /dev/null\nif [ $? != 0 ] ; then\n    # print error to STDERR\n    echo \"error: The sandbox is not in sync with the Podfile.lock. Run 'pod install' or update your CocoaPods installation.\" >&2\n    exit 1\nfi\n# This output is used by Xcode 'outputs' to avoid re-running this script phase.\necho \"SUCCESS\" > \"${SCRIPT_OUTPUT_FILE_0}\"\n";
			showEnvVarsInLog = 0;
		};
		B9F478A7EFFBE1D795FEDE41 /* [CP] Check Pods Manifest.lock */ = {
			isa = PBXShellScriptBuildPhase;
			buildActionMask = 2147483647;
			files = (
			);
			inputFileListPaths = (
			);
			inputPaths = (
				"${PODS_PODFILE_DIR_PATH}/Podfile.lock",
				"${PODS_ROOT}/Manifest.lock",
			);
			name = "[CP] Check Pods Manifest.lock";
			outputFileListPaths = (
			);
			outputPaths = (
				"$(DERIVED_FILE_DIR)/Pods-RoutesApp_iosTests-checkManifestLockResult.txt",
			);
			runOnlyForDeploymentPostprocessing = 0;
			shellPath = /bin/sh;
			shellScript = "diff \"${PODS_PODFILE_DIR_PATH}/Podfile.lock\" \"${PODS_ROOT}/Manifest.lock\" > /dev/null\nif [ $? != 0 ] ; then\n    # print error to STDERR\n    echo \"error: The sandbox is not in sync with the Podfile.lock. Run 'pod install' or update your CocoaPods installation.\" >&2\n    exit 1\nfi\n# This output is used by Xcode 'outputs' to avoid re-running this script phase.\necho \"SUCCESS\" > \"${SCRIPT_OUTPUT_FILE_0}\"\n";
			showEnvVarsInLog = 0;
		};
		C2E9770B2898716A009F4B94 /* SwiftLint */ = {
			isa = PBXShellScriptBuildPhase;
			buildActionMask = 2147483647;
			files = (
			);
			inputFileListPaths = (
			);
			inputPaths = (
			);
			name = SwiftLint;
			outputFileListPaths = (
			);
			outputPaths = (
			);
			runOnlyForDeploymentPostprocessing = 0;
			shellPath = /bin/sh;
			shellScript = "# Type a script or drag a script file from your workspace to insert its path.\n\"${PODS_ROOT}/SwiftLint/swiftlint\"\n";
		};
/* End PBXShellScriptBuildPhase section */

/* Begin PBXSourcesBuildPhase section */
		C2E976D12898701C009F4B94 /* Sources */ = {
			isa = PBXSourcesBuildPhase;
			buildActionMask = 2147483647;
			files = (
				C2E9772428987F3C009F4B94 /* LoginViewController.swift in Sources */,
				C2E976DD2898701C009F4B94 /* ViewController.swift in Sources */,
				C2E9772928987F57009F4B94 /* SIgnupViewModel.swift in Sources */,
				C2E976D92898701C009F4B94 /* AppDelegate.swift in Sources */,
				C2E9772F28987FA0009F4B94 /* NetworkManager.swift in Sources */,
				C2E9772028987F2A009F4B94 /* SignupViewController.swift in Sources */,
				C2E9772D28987F94009F4B94 /* LocalManager.swift in Sources */,
				C2E9772B28987F79009F4B94 /* User.swift in Sources */,
				C2E976DB2898701C009F4B94 /* SceneDelegate.swift in Sources */,
				C2E976E32898701C009F4B94 /* RoutesApp_ios.xcdatamodeld in Sources */,
				C2E9772728987F48009F4B94 /* LoginViewModel.swift in Sources */,
				C2E977332898802F009F4B94 /* Date.swift in Sources */,
				C2E9773128987FB9009F4B94 /* FloatingButton.swift in Sources */,
			);
			runOnlyForDeploymentPostprocessing = 0;
		};
		C2E976EA2898701D009F4B94 /* Sources */ = {
			isa = PBXSourcesBuildPhase;
			buildActionMask = 2147483647;
			files = (
				C2E976F32898701D009F4B94 /* RoutesApp_iosTests.swift in Sources */,
			);
			runOnlyForDeploymentPostprocessing = 0;
		};
/* End PBXSourcesBuildPhase section */

/* Begin PBXTargetDependency section */
		C2E976F02898701D009F4B94 /* PBXTargetDependency */ = {
			isa = PBXTargetDependency;
			target = C2E976D42898701C009F4B94 /* RoutesApp_ios */;
			targetProxy = C2E976EF2898701D009F4B94 /* PBXContainerItemProxy */;
		};
/* End PBXTargetDependency section */

/* Begin PBXVariantGroup section */
		C2E976DE2898701C009F4B94 /* Main.storyboard */ = {
			isa = PBXVariantGroup;
			children = (
				C2E976DF2898701C009F4B94 /* Base */,
			);
			name = Main.storyboard;
			sourceTree = "<group>";
		};
		C2E976E62898701D009F4B94 /* LaunchScreen.storyboard */ = {
			isa = PBXVariantGroup;
			children = (
				C2E976E72898701D009F4B94 /* Base */,
			);
			name = LaunchScreen.storyboard;
			sourceTree = "<group>";
		};
/* End PBXVariantGroup section */

/* Begin XCBuildConfiguration section */
		C2E977002898701D009F4B94 /* Debug */ = {
			isa = XCBuildConfiguration;
			buildSettings = {
				ALWAYS_SEARCH_USER_PATHS = NO;
				CLANG_ANALYZER_NONNULL = YES;
				CLANG_ANALYZER_NUMBER_OBJECT_CONVERSION = YES_AGGRESSIVE;
				CLANG_CXX_LANGUAGE_STANDARD = "gnu++17";
				CLANG_ENABLE_MODULES = YES;
				CLANG_ENABLE_OBJC_ARC = YES;
				CLANG_ENABLE_OBJC_WEAK = YES;
				CLANG_WARN_BLOCK_CAPTURE_AUTORELEASING = YES;
				CLANG_WARN_BOOL_CONVERSION = YES;
				CLANG_WARN_COMMA = YES;
				CLANG_WARN_CONSTANT_CONVERSION = YES;
				CLANG_WARN_DEPRECATED_OBJC_IMPLEMENTATIONS = YES;
				CLANG_WARN_DIRECT_OBJC_ISA_USAGE = YES_ERROR;
				CLANG_WARN_DOCUMENTATION_COMMENTS = YES;
				CLANG_WARN_EMPTY_BODY = YES;
				CLANG_WARN_ENUM_CONVERSION = YES;
				CLANG_WARN_INFINITE_RECURSION = YES;
				CLANG_WARN_INT_CONVERSION = YES;
				CLANG_WARN_NON_LITERAL_NULL_CONVERSION = YES;
				CLANG_WARN_OBJC_IMPLICIT_RETAIN_SELF = YES;
				CLANG_WARN_OBJC_LITERAL_CONVERSION = YES;
				CLANG_WARN_OBJC_ROOT_CLASS = YES_ERROR;
				CLANG_WARN_QUOTED_INCLUDE_IN_FRAMEWORK_HEADER = YES;
				CLANG_WARN_RANGE_LOOP_ANALYSIS = YES;
				CLANG_WARN_STRICT_PROTOTYPES = YES;
				CLANG_WARN_SUSPICIOUS_MOVE = YES;
				CLANG_WARN_UNGUARDED_AVAILABILITY = YES_AGGRESSIVE;
				CLANG_WARN_UNREACHABLE_CODE = YES;
				CLANG_WARN__DUPLICATE_METHOD_MATCH = YES;
				COPY_PHASE_STRIP = NO;
				DEBUG_INFORMATION_FORMAT = dwarf;
				ENABLE_STRICT_OBJC_MSGSEND = YES;
				ENABLE_TESTABILITY = YES;
				GCC_C_LANGUAGE_STANDARD = gnu11;
				GCC_DYNAMIC_NO_PIC = NO;
				GCC_NO_COMMON_BLOCKS = YES;
				GCC_OPTIMIZATION_LEVEL = 0;
				GCC_PREPROCESSOR_DEFINITIONS = (
					"DEBUG=1",
					"$(inherited)",
				);
				GCC_WARN_64_TO_32_BIT_CONVERSION = YES;
				GCC_WARN_ABOUT_RETURN_TYPE = YES_ERROR;
				GCC_WARN_UNDECLARED_SELECTOR = YES;
				GCC_WARN_UNINITIALIZED_AUTOS = YES_AGGRESSIVE;
				GCC_WARN_UNUSED_FUNCTION = YES;
				GCC_WARN_UNUSED_VARIABLE = YES;
				IPHONEOS_DEPLOYMENT_TARGET = 15.5;
				MTL_ENABLE_DEBUG_INFO = INCLUDE_SOURCE;
				MTL_FAST_MATH = YES;
				ONLY_ACTIVE_ARCH = YES;
				SDKROOT = iphoneos;
				SWIFT_ACTIVE_COMPILATION_CONDITIONS = DEBUG;
				SWIFT_OPTIMIZATION_LEVEL = "-Onone";
			};
			name = Debug;
		};
		C2E977012898701D009F4B94 /* Release */ = {
			isa = XCBuildConfiguration;
			buildSettings = {
				ALWAYS_SEARCH_USER_PATHS = NO;
				CLANG_ANALYZER_NONNULL = YES;
				CLANG_ANALYZER_NUMBER_OBJECT_CONVERSION = YES_AGGRESSIVE;
				CLANG_CXX_LANGUAGE_STANDARD = "gnu++17";
				CLANG_ENABLE_MODULES = YES;
				CLANG_ENABLE_OBJC_ARC = YES;
				CLANG_ENABLE_OBJC_WEAK = YES;
				CLANG_WARN_BLOCK_CAPTURE_AUTORELEASING = YES;
				CLANG_WARN_BOOL_CONVERSION = YES;
				CLANG_WARN_COMMA = YES;
				CLANG_WARN_CONSTANT_CONVERSION = YES;
				CLANG_WARN_DEPRECATED_OBJC_IMPLEMENTATIONS = YES;
				CLANG_WARN_DIRECT_OBJC_ISA_USAGE = YES_ERROR;
				CLANG_WARN_DOCUMENTATION_COMMENTS = YES;
				CLANG_WARN_EMPTY_BODY = YES;
				CLANG_WARN_ENUM_CONVERSION = YES;
				CLANG_WARN_INFINITE_RECURSION = YES;
				CLANG_WARN_INT_CONVERSION = YES;
				CLANG_WARN_NON_LITERAL_NULL_CONVERSION = YES;
				CLANG_WARN_OBJC_IMPLICIT_RETAIN_SELF = YES;
				CLANG_WARN_OBJC_LITERAL_CONVERSION = YES;
				CLANG_WARN_OBJC_ROOT_CLASS = YES_ERROR;
				CLANG_WARN_QUOTED_INCLUDE_IN_FRAMEWORK_HEADER = YES;
				CLANG_WARN_RANGE_LOOP_ANALYSIS = YES;
				CLANG_WARN_STRICT_PROTOTYPES = YES;
				CLANG_WARN_SUSPICIOUS_MOVE = YES;
				CLANG_WARN_UNGUARDED_AVAILABILITY = YES_AGGRESSIVE;
				CLANG_WARN_UNREACHABLE_CODE = YES;
				CLANG_WARN__DUPLICATE_METHOD_MATCH = YES;
				COPY_PHASE_STRIP = NO;
				DEBUG_INFORMATION_FORMAT = "dwarf-with-dsym";
				ENABLE_NS_ASSERTIONS = NO;
				ENABLE_STRICT_OBJC_MSGSEND = YES;
				GCC_C_LANGUAGE_STANDARD = gnu11;
				GCC_NO_COMMON_BLOCKS = YES;
				GCC_WARN_64_TO_32_BIT_CONVERSION = YES;
				GCC_WARN_ABOUT_RETURN_TYPE = YES_ERROR;
				GCC_WARN_UNDECLARED_SELECTOR = YES;
				GCC_WARN_UNINITIALIZED_AUTOS = YES_AGGRESSIVE;
				GCC_WARN_UNUSED_FUNCTION = YES;
				GCC_WARN_UNUSED_VARIABLE = YES;
				IPHONEOS_DEPLOYMENT_TARGET = 15.5;
				MTL_ENABLE_DEBUG_INFO = NO;
				MTL_FAST_MATH = YES;
				SDKROOT = iphoneos;
				SWIFT_COMPILATION_MODE = wholemodule;
				SWIFT_OPTIMIZATION_LEVEL = "-O";
				VALIDATE_PRODUCT = YES;
			};
			name = Release;
		};
		C2E977032898701D009F4B94 /* Debug */ = {
			isa = XCBuildConfiguration;
			baseConfigurationReference = 1212F4DA3C348A7BFBC67353 /* Pods-RoutesApp_ios.debug.xcconfig */;
			buildSettings = {
				ASSETCATALOG_COMPILER_APPICON_NAME = AppIcon;
				ASSETCATALOG_COMPILER_GLOBAL_ACCENT_COLOR_NAME = AccentColor;
				CODE_SIGN_STYLE = Automatic;
				CURRENT_PROJECT_VERSION = 1;
				DEVELOPMENT_TEAM = X2663B4F4Y;
				GENERATE_INFOPLIST_FILE = YES;
				INFOPLIST_FILE = RoutesApp_ios/Info.plist;
				INFOPLIST_KEY_UIApplicationSupportsIndirectInputEvents = YES;
				INFOPLIST_KEY_UILaunchStoryboardName = LaunchScreen;
				INFOPLIST_KEY_UIMainStoryboardFile = Main;
				INFOPLIST_KEY_UISupportedInterfaceOrientations_iPad = "UIInterfaceOrientationPortrait UIInterfaceOrientationPortraitUpsideDown UIInterfaceOrientationLandscapeLeft UIInterfaceOrientationLandscapeRight";
				INFOPLIST_KEY_UISupportedInterfaceOrientations_iPhone = "UIInterfaceOrientationPortrait UIInterfaceOrientationLandscapeLeft UIInterfaceOrientationLandscapeRight";
				LD_RUNPATH_SEARCH_PATHS = (
					"$(inherited)",
					"@executable_path/Frameworks",
				);
				MARKETING_VERSION = 1.0;
				PRODUCT_BUNDLE_IDENTIFIER = "com.logatus.RoutesApp-ios";
				PRODUCT_NAME = "$(TARGET_NAME)";
				SWIFT_EMIT_LOC_STRINGS = YES;
				SWIFT_VERSION = 5.0;
				TARGETED_DEVICE_FAMILY = "1,2";
			};
			name = Debug;
		};
		C2E977042898701D009F4B94 /* Release */ = {
			isa = XCBuildConfiguration;
			baseConfigurationReference = 8E4554EE6A9F1EB0D5124479 /* Pods-RoutesApp_ios.release.xcconfig */;
			buildSettings = {
				ASSETCATALOG_COMPILER_APPICON_NAME = AppIcon;
				ASSETCATALOG_COMPILER_GLOBAL_ACCENT_COLOR_NAME = AccentColor;
				CODE_SIGN_STYLE = Automatic;
				CURRENT_PROJECT_VERSION = 1;
				DEVELOPMENT_TEAM = X2663B4F4Y;
				GENERATE_INFOPLIST_FILE = YES;
				INFOPLIST_FILE = RoutesApp_ios/Info.plist;
				INFOPLIST_KEY_UIApplicationSupportsIndirectInputEvents = YES;
				INFOPLIST_KEY_UILaunchStoryboardName = LaunchScreen;
				INFOPLIST_KEY_UIMainStoryboardFile = Main;
				INFOPLIST_KEY_UISupportedInterfaceOrientations_iPad = "UIInterfaceOrientationPortrait UIInterfaceOrientationPortraitUpsideDown UIInterfaceOrientationLandscapeLeft UIInterfaceOrientationLandscapeRight";
				INFOPLIST_KEY_UISupportedInterfaceOrientations_iPhone = "UIInterfaceOrientationPortrait UIInterfaceOrientationLandscapeLeft UIInterfaceOrientationLandscapeRight";
				LD_RUNPATH_SEARCH_PATHS = (
					"$(inherited)",
					"@executable_path/Frameworks",
				);
				MARKETING_VERSION = 1.0;
				PRODUCT_BUNDLE_IDENTIFIER = "com.logatus.RoutesApp-ios";
				PRODUCT_NAME = "$(TARGET_NAME)";
				SWIFT_EMIT_LOC_STRINGS = YES;
				SWIFT_VERSION = 5.0;
				TARGETED_DEVICE_FAMILY = "1,2";
			};
			name = Release;
		};
		C2E977062898701D009F4B94 /* Debug */ = {
			isa = XCBuildConfiguration;
			baseConfigurationReference = A81C730CD57A1098D9C868BE /* Pods-RoutesApp_iosTests.debug.xcconfig */;
			buildSettings = {
				ALWAYS_EMBED_SWIFT_STANDARD_LIBRARIES = YES;
				BUNDLE_LOADER = "$(TEST_HOST)";
				CODE_SIGN_STYLE = Automatic;
				CURRENT_PROJECT_VERSION = 1;
				DEVELOPMENT_TEAM = X2663B4F4Y;
				GENERATE_INFOPLIST_FILE = YES;
				IPHONEOS_DEPLOYMENT_TARGET = 15.5;
				MARKETING_VERSION = 1.0;
				PRODUCT_BUNDLE_IDENTIFIER = "com.logatus.RoutesApp-iosTests";
				PRODUCT_NAME = "$(TARGET_NAME)";
				SWIFT_EMIT_LOC_STRINGS = NO;
				SWIFT_VERSION = 5.0;
				TARGETED_DEVICE_FAMILY = "1,2";
				TEST_HOST = "$(BUILT_PRODUCTS_DIR)/RoutesApp_ios.app/RoutesApp_ios";
			};
			name = Debug;
		};
		C2E977072898701D009F4B94 /* Release */ = {
			isa = XCBuildConfiguration;
			baseConfigurationReference = F4F2DC09BBC0577CE2B41D46 /* Pods-RoutesApp_iosTests.release.xcconfig */;
			buildSettings = {
				ALWAYS_EMBED_SWIFT_STANDARD_LIBRARIES = YES;
				BUNDLE_LOADER = "$(TEST_HOST)";
				CODE_SIGN_STYLE = Automatic;
				CURRENT_PROJECT_VERSION = 1;
				DEVELOPMENT_TEAM = X2663B4F4Y;
				GENERATE_INFOPLIST_FILE = YES;
				IPHONEOS_DEPLOYMENT_TARGET = 15.5;
				MARKETING_VERSION = 1.0;
				PRODUCT_BUNDLE_IDENTIFIER = "com.logatus.RoutesApp-iosTests";
				PRODUCT_NAME = "$(TARGET_NAME)";
				SWIFT_EMIT_LOC_STRINGS = NO;
				SWIFT_VERSION = 5.0;
				TARGETED_DEVICE_FAMILY = "1,2";
				TEST_HOST = "$(BUILT_PRODUCTS_DIR)/RoutesApp_ios.app/RoutesApp_ios";
			};
			name = Release;
		};
/* End XCBuildConfiguration section */

/* Begin XCConfigurationList section */
		C2E976D02898701C009F4B94 /* Build configuration list for PBXProject "RoutesApp_ios" */ = {
			isa = XCConfigurationList;
			buildConfigurations = (
				C2E977002898701D009F4B94 /* Debug */,
				C2E977012898701D009F4B94 /* Release */,
			);
			defaultConfigurationIsVisible = 0;
			defaultConfigurationName = Release;
		};
		C2E977022898701D009F4B94 /* Build configuration list for PBXNativeTarget "RoutesApp_ios" */ = {
			isa = XCConfigurationList;
			buildConfigurations = (
				C2E977032898701D009F4B94 /* Debug */,
				C2E977042898701D009F4B94 /* Release */,
			);
			defaultConfigurationIsVisible = 0;
			defaultConfigurationName = Release;
		};
		C2E977052898701D009F4B94 /* Build configuration list for PBXNativeTarget "RoutesApp_iosTests" */ = {
			isa = XCConfigurationList;
			buildConfigurations = (
				C2E977062898701D009F4B94 /* Debug */,
				C2E977072898701D009F4B94 /* Release */,
			);
			defaultConfigurationIsVisible = 0;
			defaultConfigurationName = Release;
		};
/* End XCConfigurationList section */

/* Begin XCVersionGroup section */
		C2E976E12898701C009F4B94 /* RoutesApp_ios.xcdatamodeld */ = {
			isa = XCVersionGroup;
			children = (
				C2E976E22898701C009F4B94 /* RoutesApp_ios.xcdatamodel */,
			);
			currentVersion = C2E976E22898701C009F4B94 /* RoutesApp_ios.xcdatamodel */;
			path = RoutesApp_ios.xcdatamodeld;
			sourceTree = "<group>";
			versionGroupType = wrapper.xcdatamodel;
		};
/* End XCVersionGroup section */
	};
	rootObject = C2E976CD2898701C009F4B94 /* Project object */;
}
